
Microsoft Visual Studio Solution File, Format Version 12.00
# Visual Studio Version 16
VisualStudioVersion = 16.0.29905.134
MinimumVisualStudioVersion = 10.0.40219.1
Project("{2150E333-8FDC-42A3-9474-1A3956D46DE8}") = "src", "src", "{44BAC410-7BBB-44BF-B111-7088CC9B06EA}"
EndProject
Project("{9A19103F-16F7-4668-BE54-9A1E7A4F7556}") = "GamesAdmin.Api", "src\GamesAdmin.Api\GamesAdmin.Api.csproj", "{98A7DDA9-9643-4EEE-809C-7AD0A171E234}"
EndProject
Project("{9A19103F-16F7-4668-BE54-9A1E7A4F7556}") = "GamesAdmin.Core", "src\GamesAdmin.Core\GamesAdmin.Core.csproj", "{8FA070AA-BF56-4C93-83DE-98D2064478AB}"
EndProject
Project("{9A19103F-16F7-4668-BE54-9A1E7A4F7556}") = "GamesAdmin.Site", "src\GamesAdmin.Site\GamesAdmin.Site.csproj", "{775C2E74-7BC1-4704-923B-CE99319861DB}"
	ProjectSection(ProjectDependencies) = postProject
		{98A7DDA9-9643-4EEE-809C-7AD0A171E234} = {98A7DDA9-9643-4EEE-809C-7AD0A171E234}
	EndProjectSection
EndProject
Project("{9A19103F-16F7-4668-BE54-9A1E7A4F7556}") = "GamesAdmin.Database", "src\GamesAdmin.Database\GamesAdmin.Database.csproj", "{4176C422-D330-4292-912F-3C58A4B3C260}"
EndProject
Project("{2150E333-8FDC-42A3-9474-1A3956D46DE8}") = "test", "test", "{DE8DA6CE-B245-4997-8ABE-8C8F7EBBE8F5}"
EndProject
Project("{9A19103F-16F7-4668-BE54-9A1E7A4F7556}") = "GameAdmin.Tests", "test\GameAdmin.Test\GameAdmin.Tests.csproj", "{77733F97-80D7-48AB-9298-8E006299C5E8}"
EndProject
Project("{9A19103F-16F7-4668-BE54-9A1E7A4F7556}") = "GameAdmin.API.Tests", "test\GameAdmin.API.Test\GameAdmin.API.Tests.csproj", "{36E77804-96D2-41F0-9028-968FCC1F6EF1}"
EndProject
Global
	GlobalSection(SolutionConfigurationPlatforms) = preSolution
		Debug|Any CPU = Debug|Any CPU
		Dev|Any CPU = Dev|Any CPU
		LOCAL|Any CPU = LOCAL|Any CPU
		PRO|Any CPU = PRO|Any CPU
		Release|Any CPU = Release|Any CPU
		SIT|Any CPU = SIT|Any CPU
		UAT|Any CPU = UAT|Any CPU
	EndGlobalSection
	GlobalSection(ProjectConfigurationPlatforms) = postSolution
		{98A7DDA9-9643-4EEE-809C-7AD0A171E234}.Debug|Any CPU.ActiveCfg = Dev|Any CPU
		{98A7DDA9-9643-4EEE-809C-7AD0A171E234}.Debug|Any CPU.Build.0 = Dev|Any CPU
		{98A7DDA9-9643-4EEE-809C-7AD0A171E234}.Dev|Any CPU.ActiveCfg = Dev|Any CPU
		{98A7DDA9-9643-4EEE-809C-7AD0A171E234}.Dev|Any CPU.Build.0 = Dev|Any CPU
		{98A7DDA9-9643-4EEE-809C-7AD0A171E234}.LOCAL|Any CPU.ActiveCfg = LOCAL|Any CPU
		{98A7DDA9-9643-4EEE-809C-7AD0A171E234}.LOCAL|Any CPU.Build.0 = LOCAL|Any CPU
		{98A7DDA9-9643-4EEE-809C-7AD0A171E234}.PRO|Any CPU.ActiveCfg = PRO|Any CPU
		{98A7DDA9-9643-4EEE-809C-7AD0A171E234}.PRO|Any CPU.Build.0 = PRO|Any CPU
		{98A7DDA9-9643-4EEE-809C-7AD0A171E234}.Release|Any CPU.ActiveCfg = UAT|Any CPU
		{98A7DDA9-9643-4EEE-809C-7AD0A171E234}.Release|Any CPU.Build.0 = UAT|Any CPU
		{98A7DDA9-9643-4EEE-809C-7AD0A171E234}.SIT|Any CPU.ActiveCfg = SIT|Any CPU
		{98A7DDA9-9643-4EEE-809C-7AD0A171E234}.SIT|Any CPU.Build.0 = SIT|Any CPU
		{98A7DDA9-9643-4EEE-809C-7AD0A171E234}.UAT|Any CPU.ActiveCfg = UAT|Any CPU
		{98A7DDA9-9643-4EEE-809C-7AD0A171E234}.UAT|Any CPU.Build.0 = UAT|Any CPU
		{8FA070AA-BF56-4C93-83DE-98D2064478AB}.Debug|Any CPU.ActiveCfg = Dev|Any CPU
		{8FA070AA-BF56-4C93-83DE-98D2064478AB}.Debug|Any CPU.Build.0 = Dev|Any CPU
		{8FA070AA-BF56-4C93-83DE-98D2064478AB}.Dev|Any CPU.ActiveCfg = Dev|Any CPU
		{8FA070AA-BF56-4C93-83DE-98D2064478AB}.Dev|Any CPU.Build.0 = Dev|Any CPU
		{8FA070AA-BF56-4C93-83DE-98D2064478AB}.LOCAL|Any CPU.ActiveCfg = LOCAL|Any CPU
		{8FA070AA-BF56-4C93-83DE-98D2064478AB}.LOCAL|Any CPU.Build.0 = LOCAL|Any CPU
		{8FA070AA-BF56-4C93-83DE-98D2064478AB}.PRO|Any CPU.ActiveCfg = PRO|Any CPU
		{8FA070AA-BF56-4C93-83DE-98D2064478AB}.PRO|Any CPU.Build.0 = PRO|Any CPU
		{8FA070AA-BF56-4C93-83DE-98D2064478AB}.Release|Any CPU.ActiveCfg = UAT|Any CPU
		{8FA070AA-BF56-4C93-83DE-98D2064478AB}.Release|Any CPU.Build.0 = UAT|Any CPU
		{8FA070AA-BF56-4C93-83DE-98D2064478AB}.SIT|Any CPU.ActiveCfg = SIT|Any CPU
		{8FA070AA-BF56-4C93-83DE-98D2064478AB}.SIT|Any CPU.Build.0 = SIT|Any CPU
		{8FA070AA-BF56-4C93-83DE-98D2064478AB}.UAT|Any CPU.ActiveCfg = UAT|Any CPU
		{8FA070AA-BF56-4C93-83DE-98D2064478AB}.UAT|Any CPU.Build.0 = UAT|Any CPU
		{775C2E74-7BC1-4704-923B-CE99319861DB}.Debug|Any CPU.ActiveCfg = Dev|Any CPU
		{775C2E74-7BC1-4704-923B-CE99319861DB}.Debug|Any CPU.Build.0 = Dev|Any CPU
		{775C2E74-7BC1-4704-923B-CE99319861DB}.Dev|Any CPU.ActiveCfg = Dev|Any CPU
		{775C2E74-7BC1-4704-923B-CE99319861DB}.Dev|Any CPU.Build.0 = Dev|Any CPU
		{775C2E74-7BC1-4704-923B-CE99319861DB}.LOCAL|Any CPU.ActiveCfg = LOCAL|Any CPU
		{775C2E74-7BC1-4704-923B-CE99319861DB}.LOCAL|Any CPU.Build.0 = LOCAL|Any CPU
		{775C2E74-7BC1-4704-923B-CE99319861DB}.PRO|Any CPU.ActiveCfg = PRO|Any CPU
		{775C2E74-7BC1-4704-923B-CE99319861DB}.PRO|Any CPU.Build.0 = PRO|Any CPU
		{775C2E74-7BC1-4704-923B-CE99319861DB}.Release|Any CPU.ActiveCfg = UAT|Any CPU
		{775C2E74-7BC1-4704-923B-CE99319861DB}.Release|Any CPU.Build.0 = UAT|Any CPU
		{775C2E74-7BC1-4704-923B-CE99319861DB}.SIT|Any CPU.ActiveCfg = SIT|Any CPU
		{775C2E74-7BC1-4704-923B-CE99319861DB}.SIT|Any CPU.Build.0 = SIT|Any CPU
		{775C2E74-7BC1-4704-923B-CE99319861DB}.UAT|Any CPU.ActiveCfg = UAT|Any CPU
		{775C2E74-7BC1-4704-923B-CE99319861DB}.UAT|Any CPU.Build.0 = UAT|Any CPU
		{4176C422-D330-4292-912F-3C58A4B3C260}.Debug|Any CPU.ActiveCfg = Dev|Any CPU
		{4176C422-D330-4292-912F-3C58A4B3C260}.Debug|Any CPU.Build.0 = Dev|Any CPU
		{4176C422-D330-4292-912F-3C58A4B3C260}.Dev|Any CPU.ActiveCfg = Dev|Any CPU
		{4176C422-D330-4292-912F-3C58A4B3C260}.Dev|Any CPU.Build.0 = Dev|Any CPU
		{4176C422-D330-4292-912F-3C58A4B3C260}.LOCAL|Any CPU.ActiveCfg = LOCAL|Any CPU
		{4176C422-D330-4292-912F-3C58A4B3C260}.LOCAL|Any CPU.Build.0 = LOCAL|Any CPU
		{4176C422-D330-4292-912F-3C58A4B3C260}.PRO|Any CPU.ActiveCfg = PRO|Any CPU
		{4176C422-D330-4292-912F-3C58A4B3C260}.PRO|Any CPU.Build.0 = PRO|Any CPU
		{4176C422-D330-4292-912F-3C58A4B3C260}.Release|Any CPU.ActiveCfg = UAT|Any CPU
		{4176C422-D330-4292-912F-3C58A4B3C260}.Release|Any CPU.Build.0 = UAT|Any CPU
		{4176C422-D330-4292-912F-3C58A4B3C260}.SIT|Any CPU.ActiveCfg = SIT|Any CPU
		{4176C422-D330-4292-912F-3C58A4B3C260}.SIT|Any CPU.Build.0 = SIT|Any CPU
		{4176C422-D330-4292-912F-3C58A4B3C260}.UAT|Any CPU.ActiveCfg = UAT|Any CPU
		{4176C422-D330-4292-912F-3C58A4B3C260}.UAT|Any CPU.Build.0 = UAT|Any CPU
		{77733F97-80D7-48AB-9298-8E006299C5E8}.Debug|Any CPU.ActiveCfg = Debug|Any CPU
		{77733F97-80D7-48AB-9298-8E006299C5E8}.Debug|Any CPU.Build.0 = Debug|Any CPU
		{77733F97-80D7-48AB-9298-8E006299C5E8}.Dev|Any CPU.ActiveCfg = Debug|Any CPU
		{77733F97-80D7-48AB-9298-8E006299C5E8}.Dev|Any CPU.Build.0 = Debug|Any CPU
		{77733F97-80D7-48AB-9298-8E006299C5E8}.LOCAL|Any CPU.ActiveCfg = Debug|Any CPU
		{77733F97-80D7-48AB-9298-8E006299C5E8}.LOCAL|Any CPU.Build.0 = Debug|Any CPU
		{77733F97-80D7-48AB-9298-8E006299C5E8}.PRO|Any CPU.ActiveCfg = Debug|Any CPU
		{77733F97-80D7-48AB-9298-8E006299C5E8}.PRO|Any CPU.Build.0 = Debug|Any CPU
		{77733F97-80D7-48AB-9298-8E006299C5E8}.Release|Any CPU.ActiveCfg = Release|Any CPU
		{77733F97-80D7-48AB-9298-8E006299C5E8}.Release|Any CPU.Build.0 = Release|Any CPU
		{77733F97-80D7-48AB-9298-8E006299C5E8}.SIT|Any CPU.ActiveCfg = Debug|Any CPU
		{77733F97-80D7-48AB-9298-8E006299C5E8}.SIT|Any CPU.Build.0 = Debug|Any CPU
		{77733F97-80D7-48AB-9298-8E006299C5E8}.UAT|Any CPU.ActiveCfg = Debug|Any CPU
		{77733F97-80D7-48AB-9298-8E006299C5E8}.UAT|Any CPU.Build.0 = Debug|Any CPU
		{36E77804-96D2-41F0-9028-968FCC1F6EF1}.Debug|Any CPU.ActiveCfg = Debug|Any CPU
		{36E77804-96D2-41F0-9028-968FCC1F6EF1}.Debug|Any CPU.Build.0 = Debug|Any CPU
		{36E77804-96D2-41F0-9028-968FCC1F6EF1}.Dev|Any CPU.ActiveCfg = Debug|Any CPU
		{36E77804-96D2-41F0-9028-968FCC1F6EF1}.Dev|Any CPU.Build.0 = Debug|Any CPU
		{36E77804-96D2-41F0-9028-968FCC1F6EF1}.LOCAL|Any CPU.ActiveCfg = Debug|Any CPU
		{36E77804-96D2-41F0-9028-968FCC1F6EF1}.LOCAL|Any CPU.Build.0 = Debug|Any CPU
		{36E77804-96D2-41F0-9028-968FCC1F6EF1}.PRO|Any CPU.ActiveCfg = Debug|Any CPU
		{36E77804-96D2-41F0-9028-968FCC1F6EF1}.PRO|Any CPU.Build.0 = Debug|Any CPU
		{36E77804-96D2-41F0-9028-968FCC1F6EF1}.Release|Any CPU.ActiveCfg = Release|Any CPU
		{36E77804-96D2-41F0-9028-968FCC1F6EF1}.Release|Any CPU.Build.0 = Release|Any CPU
		{36E77804-96D2-41F0-9028-968FCC1F6EF1}.SIT|Any CPU.ActiveCfg = Debug|Any CPU
		{36E77804-96D2-41F0-9028-968FCC1F6EF1}.SIT|Any CPU.Build.0 = Debug|Any CPU
		{36E77804-96D2-41F0-9028-968FCC1F6EF1}.UAT|Any CPU.ActiveCfg = Debug|Any CPU
		{36E77804-96D2-41F0-9028-968FCC1F6EF1}.UAT|Any CPU.Build.0 = Debug|Any CPU
	EndGlobalSection
	GlobalSection(SolutionProperties) = preSolution
		HideSolutionNode = FALSE
	EndGlobalSection
	GlobalSection(NestedProjects) = preSolution
		{98A7DDA9-9643-4EEE-809C-7AD0A171E234} = {44BAC410-7BBB-44BF-B111-7088CC9B06EA}
		{8FA070AA-BF56-4C93-83DE-98D2064478AB} = {44BAC410-7BBB-44BF-B111-7088CC9B06EA}
		{775C2E74-7BC1-4704-923B-CE99319861DB} = {44BAC410-7BBB-44BF-B111-7088CC9B06EA}
		{4176C422-D330-4292-912F-3C58A4B3C260} = {44BAC410-7BBB-44BF-B111-7088CC9B06EA}
		{77733F97-80D7-48AB-9298-8E006299C5E8} = {DE8DA6CE-B245-4997-8ABE-8C8F7EBBE8F5}
		{36E77804-96D2-41F0-9028-968FCC1F6EF1} = {DE8DA6CE-B245-4997-8ABE-8C8F7EBBE8F5}
	EndGlobalSection
	GlobalSection(ExtensibilityGlobals) = postSolution
		SolutionGuid = {368E0515-40C9-40EB-A569-A7DA8EAEB47C}
	EndGlobalSection
EndGlobal
