
Microsoft Visual Studio Solution File, Format Version 12.00
# Visual Studio Version 16
VisualStudioVersion = 16.0.29609.76
MinimumVisualStudioVersion = 10.0.40219.1
Project("{9A19103F-16F7-4668-BE54-9A1E7A4F7556}") = "L1.WebApi", "L1.WebApi\L1.WebApi.csproj", "{7A79D971-26FC-4A1C-8DE4-51A4DF1B6B71}"
EndProject
Project("{9A19103F-16F7-4668-BE54-9A1E7A4F7556}") = "L1.Console.Tests", "L1.Console.Tests\L1.Console.Tests.csproj", "{C71C6C2A-8728-4B6B-9631-EC204AFE0D57}"
EndProject
Project("{9A19103F-16F7-4668-BE54-9A1E7A4F7556}") = "L1", "L1\L1.csproj", "{D4433A9A-6E9E-410C-B789-44C54B5E677C}"
EndProject
Project("{2150E333-8FDC-42A3-9474-1A3956D46DE8}") = "src", "src", "{F3954B1F-1697-49A2-9078-BF2421D3F94B}"
EndProject
Project("{2150E333-8FDC-42A3-9474-1A3956D46DE8}") = "tests", "tests", "{752CF051-175E-49CB-94AE-AB029533D17A}"
EndProject
Project("{9A19103F-16F7-4668-BE54-9A1E7A4F7556}") = "L1.IdentityServerApi", "L1.IdentityServerApi\L1.IdentityServerApi.csproj", "{07538971-516B-42CF-B1EA-F9DB95CD447A}"
EndProject
Global
	GlobalSection(SolutionConfigurationPlatforms) = preSolution
		Debug|Any CPU = Debug|Any CPU
		Debug|L11 = Debug|L11
		Release|Any CPU = Release|Any CPU
		Release|L11 = Release|L11
	EndGlobalSection
	GlobalSection(ProjectConfigurationPlatforms) = postSolution
		{7A79D971-26FC-4A1C-8DE4-51A4DF1B6B71}.Debug|Any CPU.ActiveCfg = Debug|Any CPU
		{7A79D971-26FC-4A1C-8DE4-51A4DF1B6B71}.Debug|Any CPU.Build.0 = Debug|Any CPU
		{7A79D971-26FC-4A1C-8DE4-51A4DF1B6B71}.Debug|L11.ActiveCfg = Debug|Any CPU
		{7A79D971-26FC-4A1C-8DE4-51A4DF1B6B71}.Debug|L11.Build.0 = Debug|Any CPU
		{7A79D971-26FC-4A1C-8DE4-51A4DF1B6B71}.Release|Any CPU.ActiveCfg = Release|Any CPU
		{7A79D971-26FC-4A1C-8DE4-51A4DF1B6B71}.Release|Any CPU.Build.0 = Release|Any CPU
		{7A79D971-26FC-4A1C-8DE4-51A4DF1B6B71}.Release|L11.ActiveCfg = Release|Any CPU
		{7A79D971-26FC-4A1C-8DE4-51A4DF1B6B71}.Release|L11.Build.0 = Release|Any CPU
		{C71C6C2A-8728-4B6B-9631-EC204AFE0D57}.Debug|Any CPU.ActiveCfg = Debug|Any CPU
		{C71C6C2A-8728-4B6B-9631-EC204AFE0D57}.Debug|Any CPU.Build.0 = Debug|Any CPU
		{C71C6C2A-8728-4B6B-9631-EC204AFE0D57}.Debug|L11.ActiveCfg = Debug|Any CPU
		{C71C6C2A-8728-4B6B-9631-EC204AFE0D57}.Debug|L11.Build.0 = Debug|Any CPU
		{C71C6C2A-8728-4B6B-9631-EC204AFE0D57}.Release|Any CPU.ActiveCfg = Release|Any CPU
		{C71C6C2A-8728-4B6B-9631-EC204AFE0D57}.Release|Any CPU.Build.0 = Release|Any CPU
		{C71C6C2A-8728-4B6B-9631-EC204AFE0D57}.Release|L11.ActiveCfg = Release|Any CPU
		{C71C6C2A-8728-4B6B-9631-EC204AFE0D57}.Release|L11.Build.0 = Release|Any CPU
		{D4433A9A-6E9E-410C-B789-44C54B5E677C}.Debug|Any CPU.ActiveCfg = Debug|Any CPU
		{D4433A9A-6E9E-410C-B789-44C54B5E677C}.Debug|Any CPU.Build.0 = Debug|Any CPU
		{D4433A9A-6E9E-410C-B789-44C54B5E677C}.Debug|L11.ActiveCfg = Debug|Any CPU
		{D4433A9A-6E9E-410C-B789-44C54B5E677C}.Debug|L11.Build.0 = Debug|Any CPU
		{D4433A9A-6E9E-410C-B789-44C54B5E677C}.Release|Any CPU.ActiveCfg = Release|Any CPU
		{D4433A9A-6E9E-410C-B789-44C54B5E677C}.Release|Any CPU.Build.0 = Release|Any CPU
		{D4433A9A-6E9E-410C-B789-44C54B5E677C}.Release|L11.ActiveCfg = Release|Any CPU
		{D4433A9A-6E9E-410C-B789-44C54B5E677C}.Release|L11.Build.0 = Release|Any CPU
		{07538971-516B-42CF-B1EA-F9DB95CD447A}.Debug|Any CPU.ActiveCfg = Debug|Any CPU
		{07538971-516B-42CF-B1EA-F9DB95CD447A}.Debug|Any CPU.Build.0 = Debug|Any CPU
		{07538971-516B-42CF-B1EA-F9DB95CD447A}.Debug|L11.ActiveCfg = Debug|Any CPU
		{07538971-516B-42CF-B1EA-F9DB95CD447A}.Debug|L11.Build.0 = Debug|Any CPU
		{07538971-516B-42CF-B1EA-F9DB95CD447A}.Release|Any CPU.ActiveCfg = Release|Any CPU
		{07538971-516B-42CF-B1EA-F9DB95CD447A}.Release|Any CPU.Build.0 = Release|Any CPU
		{07538971-516B-42CF-B1EA-F9DB95CD447A}.Release|L11.ActiveCfg = Release|Any CPU
	EndGlobalSection
	GlobalSection(SolutionProperties) = preSolution
		HideSolutionNode = FALSE
	EndGlobalSection
	GlobalSection(NestedProjects) = preSolution
		{7A79D971-26FC-4A1C-8DE4-51A4DF1B6B71} = {F3954B1F-1697-49A2-9078-BF2421D3F94B}
		{C71C6C2A-8728-4B6B-9631-EC204AFE0D57} = {752CF051-175E-49CB-94AE-AB029533D17A}
		{D4433A9A-6E9E-410C-B789-44C54B5E677C} = {F3954B1F-1697-49A2-9078-BF2421D3F94B}
		{07538971-516B-42CF-B1EA-F9DB95CD447A} = {F3954B1F-1697-49A2-9078-BF2421D3F94B}
	EndGlobalSection
	GlobalSection(ExtensibilityGlobals) = postSolution
		SolutionGuid = {518D8074-0A9E-4A68-9805-72577565CDA7}
	EndGlobalSection
EndGlobal
